
Microsoft Visual Studio Solution File, Format Version 12.00
# Visual Studio Version 18
VisualStudioVersion = 18.6.11822.322 stable
MinimumVisualStudioVersion = 10.0.40219.1
Project("{FAE04EC0-301F-11D3-BF4B-00C04F79EFBC}") = "EasyImmoMAUI", "EasyImmoMAUI\EasyImmoMAUI.csproj", "{D2A6CD4A-C64A-4167-912C-A050E50EA965}"
EndProject
Project("{FAE04EC0-301F-11D3-BF4B-00C04F79EFBC}") = "DAL", "DAL\DAL.csproj", "{127E5CAD-0D5A-4802-BBB9-7ABA343091E0}"
EndProject
Project("{FAE04EC0-301F-11D3-BF4B-00C04F79EFBC}") = "BU", "BU\BU.csproj", "{5FBAD385-0674-46E9-87A2-3785F54512EC}"
EndProject
Project("{FAE04EC0-301F-11D3-BF4B-00C04F79EFBC}") = "Common", "Common\Common.csproj", "{8AC7A776-2F1B-40CF-8E79-A7F25E6FC444}"
EndProject
Global
	GlobalSection(SolutionConfigurationPlatforms) = preSolution
		Debug|Any CPU = Debug|Any CPU
		Release|Any CPU = Release|Any CPU
	EndGlobalSection
	GlobalSection(ProjectConfigurationPlatforms) = postSolution
		{D2A6CD4A-C64A-4167-912C-A050E50EA965}.Debug|Any CPU.ActiveCfg = Debug|Any CPU
		{D2A6CD4A-C64A-4167-912C-A050E50EA965}.Debug|Any CPU.Build.0 = Debug|Any CPU
		{D2A6CD4A-C64A-4167-912C-A050E50EA965}.Release|Any CPU.ActiveCfg = Release|Any CPU
		{D2A6CD4A-C64A-4167-912C-A050E50EA965}.Release|Any CPU.Build.0 = Release|Any CPU
		{127E5CAD-0D5A-4802-BBB9-7ABA343091E0}.Debug|Any CPU.ActiveCfg = Debug|Any CPU
		{127E5CAD-0D5A-4802-BBB9-7ABA343091E0}.Debug|Any CPU.Build.0 = Debug|Any CPU
		{127E5CAD-0D5A-4802-BBB9-7ABA343091E0}.Release|Any CPU.ActiveCfg = Release|Any CPU
		{127E5CAD-0D5A-4802-BBB9-7ABA343091E0}.Release|Any CPU.Build.0 = Release|Any CPU
		{5FBAD385-0674-46E9-87A2-3785F54512EC}.Debug|Any CPU.ActiveCfg = Debug|Any CPU
		{5FBAD385-0674-46E9-87A2-3785F54512EC}.Debug|Any CPU.Build.0 = Debug|Any CPU
		{5FBAD385-0674-46E9-87A2-3785F54512EC}.Release|Any CPU.ActiveCfg = Release|Any CPU
		{5FBAD385-0674-46E9-87A2-3785F54512EC}.Release|Any CPU.Build.0 = Release|Any CPU
		{8AC7A776-2F1B-40CF-8E79-A7F25E6FC444}.Debug|Any CPU.ActiveCfg = Debug|Any CPU
		{8AC7A776-2F1B-40CF-8E79-A7F25E6FC444}.Debug|Any CPU.Build.0 = Debug|Any CPU
		{8AC7A776-2F1B-40CF-8E79-A7F25E6FC444}.Release|Any CPU.ActiveCfg = Release|Any CPU
		{8AC7A776-2F1B-40CF-8E79-A7F25E6FC444}.Release|Any CPU.Build.0 = Release|Any CPU
	EndGlobalSection
	GlobalSection(SolutionProperties) = preSolution
		HideSolutionNode = FALSE
	EndGlobalSection
	GlobalSection(ExtensibilityGlobals) = postSolution
		SolutionGuid = {16DBB46F-B0DB-474F-BB54-A824C43E88AE}
	EndGlobalSection
EndGlobal
